
Microsoft Visual Studio Solution File, Format Version 11.00
# Visual Studio 2010
Project("{FAE04EC0-301F-11D3-BF4B-00C04F79EFBC}") = "Problem-001", "Problem-001\Problem-001.csproj", "{B9F83835-4543-4CF9-9D59-80AB84BD34CF}"
EndProject
Project("{FAE04EC0-301F-11D3-BF4B-00C04F79EFBC}") = "Problem-002", "Problem-002\Problem-002.csproj", "{A5884B16-6DD5-4D50-BB3A-372F44D0010D}"
EndProject
Project("{FAE04EC0-301F-11D3-BF4B-00C04F79EFBC}") = "Problem-003", "Problem-003\Problem-003.csproj", "{A19D74DE-CF14-48F2-A531-95FAD36B6CDE}"
EndProject
Project("{FAE04EC0-301F-11D3-BF4B-00C04F79EFBC}") = "Problem-004", "Problem-004\Problem-004.csproj", "{3B1C3C17-D10F-4360-83C4-12AB0014DECA}"
EndProject
Global
	GlobalSection(SolutionConfigurationPlatforms) = preSolution
		Debug|x86 = Debug|x86
		Release|x86 = Release|x86
	EndGlobalSection
	GlobalSection(ProjectConfigurationPlatforms) = postSolution
		{B9F83835-4543-4CF9-9D59-80AB84BD34CF}.Debug|x86.ActiveCfg = Debug|x86
		{B9F83835-4543-4CF9-9D59-80AB84BD34CF}.Debug|x86.Build.0 = Debug|x86
		{B9F83835-4543-4CF9-9D59-80AB84BD34CF}.Release|x86.ActiveCfg = Release|x86
		{B9F83835-4543-4CF9-9D59-80AB84BD34CF}.Release|x86.Build.0 = Release|x86
		{A5884B16-6DD5-4D50-BB3A-372F44D0010D}.Debug|x86.ActiveCfg = Debug|x86
		{A5884B16-6DD5-4D50-BB3A-372F44D0010D}.Debug|x86.Build.0 = Debug|x86
		{A5884B16-6DD5-4D50-BB3A-372F44D0010D}.Release|x86.ActiveCfg = Release|x86
		{A5884B16-6DD5-4D50-BB3A-372F44D0010D}.Release|x86.Build.0 = Release|x86
		{A19D74DE-CF14-48F2-A531-95FAD36B6CDE}.Debug|x86.ActiveCfg = Debug|x86
		{A19D74DE-CF14-48F2-A531-95FAD36B6CDE}.Debug|x86.Build.0 = Debug|x86
		{A19D74DE-CF14-48F2-A531-95FAD36B6CDE}.Release|x86.ActiveCfg = Release|x86
		{A19D74DE-CF14-48F2-A531-95FAD36B6CDE}.Release|x86.Build.0 = Release|x86
		{3B1C3C17-D10F-4360-83C4-12AB0014DECA}.Debug|x86.ActiveCfg = Debug|x86
		{3B1C3C17-D10F-4360-83C4-12AB0014DECA}.Debug|x86.Build.0 = Debug|x86
		{3B1C3C17-D10F-4360-83C4-12AB0014DECA}.Release|x86.ActiveCfg = Release|x86
		{3B1C3C17-D10F-4360-83C4-12AB0014DECA}.Release|x86.Build.0 = Release|x86
	EndGlobalSection
	GlobalSection(SolutionProperties) = preSolution
		HideSolutionNode = FALSE
	EndGlobalSection
EndGlobal
